
Microsoft Visual Studio Solution File, Format Version 12.00
# Visual Studio 2012
Project("{8BC9CEB8-8B4A-11D0-8D11-00A0C91BC942}") = "qrflash", "qrflash\qrflash.vcxproj", "{9C2988B5-07FE-4402-9106-91B39F153D28}"
EndProject
Project("{8BC9CEB8-8B4A-11D0-8D11-00A0C91BC942}") = "qrmem", "qrmem\qrmem.vcxproj", "{FF859859-E009-4805-B79C-01C2439377DD}"
EndProject
Project("{8BC9CEB8-8B4A-11D0-8D11-00A0C91BC942}") = "mibibsplit", "mibibsplit\mibibsplit.vcxproj", "{07097AF7-AFF4-48F5-A805-21078E6D6FF0}"
EndProject
Project("{8BC9CEB8-8B4A-11D0-8D11-00A0C91BC942}") = "qcommand", "qcommand\qcommand.vcxproj", "{6833D730-CD89-45C3-B705-6F1CD51064F0}"
EndProject
Project("{8BC9CEB8-8B4A-11D0-8D11-00A0C91BC942}") = "qdload", "qdload\qdload.vcxproj", "{B534652C-53F0-4351-9BB4-92293D43F657}"
EndProject
Project("{8BC9CEB8-8B4A-11D0-8D11-00A0C91BC942}") = "qwflash", "qwflash\qwflash.vcxproj", "{A091501B-F8C8-419B-8A24-F5367C9AE4C8}"
EndProject
Project("{8BC9CEB8-8B4A-11D0-8D11-00A0C91BC942}") = "qwdirect", "qwdirect\qwdirect.vcxproj", "{15C9BDAA-C676-4FB2-BEFD-8AD242127E20}"
EndProject
Project("{8BC9CEB8-8B4A-11D0-8D11-00A0C91BC942}") = "qefs", "qefs\qefs.vcxproj", "{B00B8A73-AAF3-41B8-87AC-2BD451C7E8EA}"
EndProject
Project("{8BC9CEB8-8B4A-11D0-8D11-00A0C91BC942}") = "qnvram", "qnvram\qnvram.vcxproj", "{6BCF904E-3D20-4A02-B024-E744519A28F0}"
EndProject
Project("{8BC9CEB8-8B4A-11D0-8D11-00A0C91BC942}") = "qblinfo", "qblinfo\qblinfo.vcxproj", "{6BB69D49-CD85-4B14-A238-62749B01FB84}"
EndProject
Project("{8BC9CEB8-8B4A-11D0-8D11-00A0C91BC942}") = "qident", "qident\qident.vcxproj", "{02854773-2CD9-47DC-8773-EFCA2DAF7B5C}"
EndProject
Project("{8BC9CEB8-8B4A-11D0-8D11-00A0C91BC942}") = "qbadblock", "qbadblock\qbadblock.vcxproj", "{E7C3223E-79A2-463B-B12A-EF2343B69190}"
EndProject
Global
	GlobalSection(SolutionConfigurationPlatforms) = preSolution
		Debug|Win32 = Debug|Win32
		Release|Win32 = Release|Win32
	EndGlobalSection
	GlobalSection(ProjectConfigurationPlatforms) = postSolution
		{9C2988B5-07FE-4402-9106-91B39F153D28}.Debug|Win32.ActiveCfg = Release|Win32
		{9C2988B5-07FE-4402-9106-91B39F153D28}.Debug|Win32.Build.0 = Release|Win32
		{9C2988B5-07FE-4402-9106-91B39F153D28}.Release|Win32.ActiveCfg = Release|Win32
		{9C2988B5-07FE-4402-9106-91B39F153D28}.Release|Win32.Build.0 = Release|Win32
		{FF859859-E009-4805-B79C-01C2439377DD}.Debug|Win32.ActiveCfg = Release|Win32
		{FF859859-E009-4805-B79C-01C2439377DD}.Debug|Win32.Build.0 = Release|Win32
		{FF859859-E009-4805-B79C-01C2439377DD}.Release|Win32.ActiveCfg = Release|Win32
		{FF859859-E009-4805-B79C-01C2439377DD}.Release|Win32.Build.0 = Release|Win32
		{07097AF7-AFF4-48F5-A805-21078E6D6FF0}.Debug|Win32.ActiveCfg = Release|Win32
		{07097AF7-AFF4-48F5-A805-21078E6D6FF0}.Debug|Win32.Build.0 = Release|Win32
		{07097AF7-AFF4-48F5-A805-21078E6D6FF0}.Release|Win32.ActiveCfg = Release|Win32
		{07097AF7-AFF4-48F5-A805-21078E6D6FF0}.Release|Win32.Build.0 = Release|Win32
		{6833D730-CD89-45C3-B705-6F1CD51064F0}.Debug|Win32.ActiveCfg = Release|Win32
		{6833D730-CD89-45C3-B705-6F1CD51064F0}.Debug|Win32.Build.0 = Release|Win32
		{6833D730-CD89-45C3-B705-6F1CD51064F0}.Release|Win32.ActiveCfg = Release|Win32
		{6833D730-CD89-45C3-B705-6F1CD51064F0}.Release|Win32.Build.0 = Release|Win32
		{B534652C-53F0-4351-9BB4-92293D43F657}.Debug|Win32.ActiveCfg = Release|Win32
		{B534652C-53F0-4351-9BB4-92293D43F657}.Debug|Win32.Build.0 = Release|Win32
		{B534652C-53F0-4351-9BB4-92293D43F657}.Release|Win32.ActiveCfg = Release|Win32
		{B534652C-53F0-4351-9BB4-92293D43F657}.Release|Win32.Build.0 = Release|Win32
		{A091501B-F8C8-419B-8A24-F5367C9AE4C8}.Debug|Win32.ActiveCfg = Release|Win32
		{A091501B-F8C8-419B-8A24-F5367C9AE4C8}.Debug|Win32.Build.0 = Release|Win32
		{A091501B-F8C8-419B-8A24-F5367C9AE4C8}.Release|Win32.ActiveCfg = Release|Win32
		{A091501B-F8C8-419B-8A24-F5367C9AE4C8}.Release|Win32.Build.0 = Release|Win32
		{15C9BDAA-C676-4FB2-BEFD-8AD242127E20}.Debug|Win32.ActiveCfg = Release|Win32
		{15C9BDAA-C676-4FB2-BEFD-8AD242127E20}.Debug|Win32.Build.0 = Release|Win32
		{15C9BDAA-C676-4FB2-BEFD-8AD242127E20}.Release|Win32.ActiveCfg = Release|Win32
		{15C9BDAA-C676-4FB2-BEFD-8AD242127E20}.Release|Win32.Build.0 = Release|Win32
		{B00B8A73-AAF3-41B8-87AC-2BD451C7E8EA}.Debug|Win32.ActiveCfg = Release|Win32
		{B00B8A73-AAF3-41B8-87AC-2BD451C7E8EA}.Debug|Win32.Build.0 = Release|Win32
		{B00B8A73-AAF3-41B8-87AC-2BD451C7E8EA}.Release|Win32.ActiveCfg = Release|Win32
		{B00B8A73-AAF3-41B8-87AC-2BD451C7E8EA}.Release|Win32.Build.0 = Release|Win32
		{6BCF904E-3D20-4A02-B024-E744519A28F0}.Debug|Win32.ActiveCfg = Release|Win32
		{6BCF904E-3D20-4A02-B024-E744519A28F0}.Debug|Win32.Build.0 = Release|Win32
		{6BCF904E-3D20-4A02-B024-E744519A28F0}.Release|Win32.ActiveCfg = Release|Win32
		{6BCF904E-3D20-4A02-B024-E744519A28F0}.Release|Win32.Build.0 = Release|Win32
		{6BB69D49-CD85-4B14-A238-62749B01FB84}.Debug|Win32.ActiveCfg = Release|Win32
		{6BB69D49-CD85-4B14-A238-62749B01FB84}.Debug|Win32.Build.0 = Release|Win32
		{6BB69D49-CD85-4B14-A238-62749B01FB84}.Release|Win32.ActiveCfg = Release|Win32
		{6BB69D49-CD85-4B14-A238-62749B01FB84}.Release|Win32.Build.0 = Release|Win32
		{02854773-2CD9-47DC-8773-EFCA2DAF7B5C}.Debug|Win32.ActiveCfg = Release|Win32
		{02854773-2CD9-47DC-8773-EFCA2DAF7B5C}.Debug|Win32.Build.0 = Release|Win32
		{02854773-2CD9-47DC-8773-EFCA2DAF7B5C}.Release|Win32.ActiveCfg = Release|Win32
		{02854773-2CD9-47DC-8773-EFCA2DAF7B5C}.Release|Win32.Build.0 = Release|Win32
		{E7C3223E-79A2-463B-B12A-EF2343B69190}.Debug|Win32.ActiveCfg = Release|Win32
		{E7C3223E-79A2-463B-B12A-EF2343B69190}.Debug|Win32.Build.0 = Release|Win32
		{E7C3223E-79A2-463B-B12A-EF2343B69190}.Release|Win32.ActiveCfg = Release|Win32
		{E7C3223E-79A2-463B-B12A-EF2343B69190}.Release|Win32.Build.0 = Release|Win32
	EndGlobalSection
	GlobalSection(SolutionProperties) = preSolution
		HideSolutionNode = FALSE
	EndGlobalSection
EndGlobal
